
Microsoft Visual Studio Solution File, Format Version 12.00
# Visual Studio Version 17
VisualStudioVersion = 17.9.34728.123
MinimumVisualStudioVersion = 10.0.40219.1
Project("{FAE04EC0-301F-11D3-BF4B-00C04F79EFBC}") = "UI", "UI\UI.csproj", "{EF8EF4E6-01EB-4B01-AC6C-4868C10B7AB8}"
EndProject
Project("{FAE04EC0-301F-11D3-BF4B-00C04F79EFBC}") = "BLL", "BLL\BLL.csproj", "{2692D871-BCC9-4704-9353-48C8F8E96A63}"
EndProject
Project("{FAE04EC0-301F-11D3-BF4B-00C04F79EFBC}") = "DAL", "DAL\DAL.csproj", "{3FCF40D6-7A57-495C-A0B2-A83909D35F03}"
EndProject
Project("{FAE04EC0-301F-11D3-BF4B-00C04F79EFBC}") = "BE", "BE\BE.csproj", "{1B3AED03-A715-4E9F-A24C-EE0E113AE093}"
EndProject
Project("{FAE04EC0-301F-11D3-BF4B-00C04F79EFBC}") = "Seguridad", "Seguridad\Seguridad.csproj", "{2456C48E-DAD0-44C9-8293-175B6A978915}"
EndProject
Global
	GlobalSection(SolutionConfigurationPlatforms) = preSolution
		Debug|Any CPU = Debug|Any CPU
		Release|Any CPU = Release|Any CPU
	EndGlobalSection
	GlobalSection(ProjectConfigurationPlatforms) = postSolution
		{EF8EF4E6-01EB-4B01-AC6C-4868C10B7AB8}.Debug|Any CPU.ActiveCfg = Debug|Any CPU
		{EF8EF4E6-01EB-4B01-AC6C-4868C10B7AB8}.Debug|Any CPU.Build.0 = Debug|Any CPU
		{EF8EF4E6-01EB-4B01-AC6C-4868C10B7AB8}.Release|Any CPU.ActiveCfg = Release|Any CPU
		{EF8EF4E6-01EB-4B01-AC6C-4868C10B7AB8}.Release|Any CPU.Build.0 = Release|Any CPU
		{2692D871-BCC9-4704-9353-48C8F8E96A63}.Debug|Any CPU.ActiveCfg = Debug|Any CPU
		{2692D871-BCC9-4704-9353-48C8F8E96A63}.Debug|Any CPU.Build.0 = Debug|Any CPU
		{2692D871-BCC9-4704-9353-48C8F8E96A63}.Release|Any CPU.ActiveCfg = Release|Any CPU
		{2692D871-BCC9-4704-9353-48C8F8E96A63}.Release|Any CPU.Build.0 = Release|Any CPU
		{3FCF40D6-7A57-495C-A0B2-A83909D35F03}.Debug|Any CPU.ActiveCfg = Debug|Any CPU
		{3FCF40D6-7A57-495C-A0B2-A83909D35F03}.Debug|Any CPU.Build.0 = Debug|Any CPU
		{3FCF40D6-7A57-495C-A0B2-A83909D35F03}.Release|Any CPU.ActiveCfg = Release|Any CPU
		{3FCF40D6-7A57-495C-A0B2-A83909D35F03}.Release|Any CPU.Build.0 = Release|Any CPU
		{1B3AED03-A715-4E9F-A24C-EE0E113AE093}.Debug|Any CPU.ActiveCfg = Debug|Any CPU
		{1B3AED03-A715-4E9F-A24C-EE0E113AE093}.Debug|Any CPU.Build.0 = Debug|Any CPU
		{1B3AED03-A715-4E9F-A24C-EE0E113AE093}.Release|Any CPU.ActiveCfg = Release|Any CPU
		{1B3AED03-A715-4E9F-A24C-EE0E113AE093}.Release|Any CPU.Build.0 = Release|Any CPU
		{2456C48E-DAD0-44C9-8293-175B6A978915}.Debug|Any CPU.ActiveCfg = Debug|Any CPU
		{2456C48E-DAD0-44C9-8293-175B6A978915}.Debug|Any CPU.Build.0 = Debug|Any CPU
		{2456C48E-DAD0-44C9-8293-175B6A978915}.Release|Any CPU.ActiveCfg = Release|Any CPU
		{2456C48E-DAD0-44C9-8293-175B6A978915}.Release|Any CPU.Build.0 = Release|Any CPU
	EndGlobalSection
	GlobalSection(SolutionProperties) = preSolution
		HideSolutionNode = FALSE
	EndGlobalSection
	GlobalSection(ExtensibilityGlobals) = postSolution
		SolutionGuid = {95399C0B-9700-40B9-9F04-046733FAA77A}
	EndGlobalSection
EndGlobal
